
Microsoft Visual Studio Solution File, Format Version 12.00
# Visual Studio Version 17
VisualStudioVersion = 17.2.32630.192
MinimumVisualStudioVersion = 10.0.40219.1
Project("{FAE04EC0-301F-11D3-BF4B-00C04F79EFBC}") = "EmailTesting", "EmailTesting\EmailTesting.csproj", "{4A9677AC-80F3-49DD-82D1-92241D63A559}"
EndProject
Global
	GlobalSection(SolutionConfigurationPlatforms) = preSolution
		Debug|Any CPU = Debug|Any CPU
		Release|Any CPU = Release|Any CPU
	EndGlobalSection
	GlobalSection(ProjectConfigurationPlatforms) = postSolution
		{4A9677AC-80F3-49DD-82D1-92241D63A559}.Debug|Any CPU.ActiveCfg = Debug|Any CPU
		{4A9677AC-80F3-49DD-82D1-92241D63A559}.Debug|Any CPU.Build.0 = Debug|Any CPU
		{4A9677AC-80F3-49DD-82D1-92241D63A559}.Release|Any CPU.ActiveCfg = Release|Any CPU
		{4A9677AC-80F3-49DD-82D1-92241D63A559}.Release|Any CPU.Build.0 = Release|Any CPU
	EndGlobalSection
	GlobalSection(SolutionProperties) = preSolution
		HideSolutionNode = FALSE
	EndGlobalSection
	GlobalSection(ExtensibilityGlobals) = postSolution
		SolutionGuid = {EB936470-312A-4737-84A3-7E9DFA1908CA}
	EndGlobalSection
EndGlobal
